
Microsoft Visual Studio Solution File, Format Version 12.00
Project("{FAE04EC0-301F-11D3-BF4B-00C04F79EFBC}") = "coh2ui", "coh2ui.csproj", "{389219C6-627F-4BFB-AF89-8C0225C997BB}"
EndProject
Global
	GlobalSection(SolutionConfigurationPlatforms) = preSolution
		Debug|Any CPU = Debug|Any CPU
		Release|Any CPU = Release|Any CPU
	EndGlobalSection
	GlobalSection(ProjectConfigurationPlatforms) = postSolution
		{389219C6-627F-4BFB-AF89-8C0225C997BB}.Debug|Any CPU.ActiveCfg = Debug|Any CPU
		{389219C6-627F-4BFB-AF89-8C0225C997BB}.Debug|Any CPU.Build.0 = Debug|Any CPU
		{389219C6-627F-4BFB-AF89-8C0225C997BB}.Release|Any CPU.ActiveCfg = Release|Any CPU
		{389219C6-627F-4BFB-AF89-8C0225C997BB}.Release|Any CPU.Build.0 = Release|Any CPU
	EndGlobalSection
EndGlobal
